
Microsoft Visual Studio Solution File, Format Version 12.00
# Visual Studio 15
Project("{FAE04EC0-301F-11D3-BF4B-00C04F79EFBC}") = "Assembly-CSharp-Editor", "Assembly-CSharp-Editor.csproj", "{7BB879A7-1312-DFFF-5BC4-5D8BEFFEB63F}"
EndProject
Project("{FAE04EC0-301F-11D3-BF4B-00C04F79EFBC}") = "Assembly-CSharp", "Assembly-CSharp.csproj", "{A83ED1CF-303C-96DE-BAB0-5930721D9171}"
EndProject
Global
	GlobalSection(SolutionConfigurationPlatforms) = preSolution
		Debug|Any CPU = Debug|Any CPU
		Release|Any CPU = Release|Any CPU
	EndGlobalSection
	GlobalSection(ProjectConfigurationPlatforms) = postSolution
		{7BB879A7-1312-DFFF-5BC4-5D8BEFFEB63F}.Debug|Any CPU.ActiveCfg = Debug|Any CPU
		{7BB879A7-1312-DFFF-5BC4-5D8BEFFEB63F}.Debug|Any CPU.Build.0 = Debug|Any CPU
		{7BB879A7-1312-DFFF-5BC4-5D8BEFFEB63F}.Release|Any CPU.ActiveCfg = Release|Any CPU
		{7BB879A7-1312-DFFF-5BC4-5D8BEFFEB63F}.Release|Any CPU.Build.0 = Release|Any CPU
		{A83ED1CF-303C-96DE-BAB0-5930721D9171}.Debug|Any CPU.ActiveCfg = Debug|Any CPU
		{A83ED1CF-303C-96DE-BAB0-5930721D9171}.Debug|Any CPU.Build.0 = Debug|Any CPU
		{A83ED1CF-303C-96DE-BAB0-5930721D9171}.Release|Any CPU.ActiveCfg = Release|Any CPU
		{A83ED1CF-303C-96DE-BAB0-5930721D9171}.Release|Any CPU.Build.0 = Release|Any CPU
	EndGlobalSection
	GlobalSection(SolutionProperties) = preSolution
		HideSolutionNode = FALSE
	EndGlobalSection
EndGlobal
